
Microsoft Visual Studio Solution File, Format Version 12.00
# Visual Studio 2013
VisualStudioVersion = 12.0.30501.0
MinimumVisualStudioVersion = 10.0.40219.1
Project("{FAE04EC0-301F-11D3-BF4B-00C04F79EFBC}") = "ServerSideJsxCompilation", "ServerSideJsxCompilation\ServerSideJsxCompilation.csproj", "{05878DE5-F671-4A10-9890-AA2F80FDAA02}"
EndProject
Project("{FAE04EC0-301F-11D3-BF4B-00C04F79EFBC}") = "ServerSideBundlingAndMinification", "ServerSideBundlingAndMinification\ServerSideBundlingAndMinification.csproj", "{B78CDC95-1B09-48C6-AC67-462D6010C9A8}"
EndProject
Project("{FAE04EC0-301F-11D3-BF4B-00C04F79EFBC}") = "ServerSideComponentRendering", "ServerSideComponentRendering\ServerSideComponentRendering.csproj", "{CE7D657E-7BF3-4112-8551-6AFB952C23AF}"
EndProject
Global
	GlobalSection(SolutionConfigurationPlatforms) = preSolution
		Debug|Any CPU = Debug|Any CPU
		Release|Any CPU = Release|Any CPU
	EndGlobalSection
	GlobalSection(ProjectConfigurationPlatforms) = postSolution
		{05878DE5-F671-4A10-9890-AA2F80FDAA02}.Debug|Any CPU.ActiveCfg = Debug|Any CPU
		{05878DE5-F671-4A10-9890-AA2F80FDAA02}.Debug|Any CPU.Build.0 = Debug|Any CPU
		{05878DE5-F671-4A10-9890-AA2F80FDAA02}.Release|Any CPU.ActiveCfg = Release|Any CPU
		{05878DE5-F671-4A10-9890-AA2F80FDAA02}.Release|Any CPU.Build.0 = Release|Any CPU
		{B78CDC95-1B09-48C6-AC67-462D6010C9A8}.Debug|Any CPU.ActiveCfg = Debug|Any CPU
		{B78CDC95-1B09-48C6-AC67-462D6010C9A8}.Debug|Any CPU.Build.0 = Debug|Any CPU
		{B78CDC95-1B09-48C6-AC67-462D6010C9A8}.Release|Any CPU.ActiveCfg = Release|Any CPU
		{B78CDC95-1B09-48C6-AC67-462D6010C9A8}.Release|Any CPU.Build.0 = Release|Any CPU
		{CE7D657E-7BF3-4112-8551-6AFB952C23AF}.Debug|Any CPU.ActiveCfg = Debug|Any CPU
		{CE7D657E-7BF3-4112-8551-6AFB952C23AF}.Debug|Any CPU.Build.0 = Debug|Any CPU
		{CE7D657E-7BF3-4112-8551-6AFB952C23AF}.Release|Any CPU.ActiveCfg = Release|Any CPU
		{CE7D657E-7BF3-4112-8551-6AFB952C23AF}.Release|Any CPU.Build.0 = Release|Any CPU
	EndGlobalSection
	GlobalSection(SolutionProperties) = preSolution
		HideSolutionNode = FALSE
	EndGlobalSection
EndGlobal
